<Solution>
  <Folder Name="/src/" />
  <Folder Name="/src/Core/">
    <Project Path="src/Core/Accounting.Application/Accounting.Application.csproj" />
    <Project Path="src/Core/Accounting.Domain/Accounting.Domain.csproj" />
  </Folder>
  <Folder Name="/src/Infrastructure/">
    <Project Path="src/Infrastructure/Accounting.Infrastructure.Compliance/Accounting.Infrastructure.Compliance.csproj" />
    <Project Path="src/Infrastructure/Accounting.Infrastructure.Persistence/Accounting.Infrastructure.Persistence.csproj" />
  </Folder>
  <Folder Name="/src/UI/">
    <Project Path="src/UI/Accounting.WpfApp/Accounting.WpfApp.csproj" />
  </Folder>
  <Folder Name="/tests/">
    <Project Path="tests/Accounting.Domain.Tests/Accounting.Domain.Tests.csproj" />
  </Folder>
</Solution>
